
Microsoft Visual Studio Solution File, Format Version 12.00
# Visual Studio Version 16
VisualStudioVersion = 16.0.29519.181
MinimumVisualStudioVersion = 10.0.40219.1
Project("{9A19103F-16F7-4668-BE54-9A1E7A4F7556}") = "AutoVerify.Tests", "AutoVerify.Tests\AutoVerify.Tests.csproj", "{F8A41A1E-3084-481E-AE93-F124B59845C6}"
EndProject
Project("{9A19103F-16F7-4668-BE54-9A1E7A4F7556}") = "AutoVerify", "AutoVerify\AutoVerify.csproj", "{EB39EC12-C64C-4112-B3F8-A34A03718535}"
EndProject
Global
	GlobalSection(SolutionConfigurationPlatforms) = preSolution
		Debug|Any CPU = Debug|Any CPU
		Release|Any CPU = Release|Any CPU
	EndGlobalSection
	GlobalSection(ProjectConfigurationPlatforms) = postSolution
		{F8A41A1E-3084-481E-AE93-F124B59845C6}.Debug|Any CPU.ActiveCfg = Debug|Any CPU
		{F8A41A1E-3084-481E-AE93-F124B59845C6}.Debug|Any CPU.Build.0 = Debug|Any CPU
		{F8A41A1E-3084-481E-AE93-F124B59845C6}.Release|Any CPU.ActiveCfg = Release|Any CPU
		{F8A41A1E-3084-481E-AE93-F124B59845C6}.Release|Any CPU.Build.0 = Release|Any CPU
		{EB39EC12-C64C-4112-B3F8-A34A03718535}.Debug|Any CPU.ActiveCfg = Debug|Any CPU
		{EB39EC12-C64C-4112-B3F8-A34A03718535}.Debug|Any CPU.Build.0 = Debug|Any CPU
		{EB39EC12-C64C-4112-B3F8-A34A03718535}.Release|Any CPU.ActiveCfg = Release|Any CPU
		{EB39EC12-C64C-4112-B3F8-A34A03718535}.Release|Any CPU.Build.0 = Release|Any CPU
	EndGlobalSection
	GlobalSection(SolutionProperties) = preSolution
		HideSolutionNode = FALSE
	EndGlobalSection
	GlobalSection(ExtensibilityGlobals) = postSolution
		SolutionGuid = {AA701B88-C034-434C-9C84-863A2D2C3DBD}
	EndGlobalSection
EndGlobal
